
Microsoft Visual Studio Solution File, Format Version 12.00
# Visual Studio Version 16
VisualStudioVersion = 16.0.30011.22
MinimumVisualStudioVersion = 10.0.40219.1
Project("{FAE04EC0-301F-11D3-BF4B-00C04F79EFBC}") = "AlchemicShop.WEB", "AlchemicShop.WEB\AlchemicShop.WEB.csproj", "{8AB9A306-026E-40AE-AE9C-3B0CBF4CB06F}"
EndProject
Project("{FAE04EC0-301F-11D3-BF4B-00C04F79EFBC}") = "AlchemicShop.DAL", "AlchemicShop.DAL\AlchemicShop.DAL.csproj", "{BD978264-AABD-446C-9D40-055A02861115}"
EndProject
Project("{FAE04EC0-301F-11D3-BF4B-00C04F79EFBC}") = "AlchemicShop.BLL", "AlchemicShop.BLL\AlchemicShop.BLL.csproj", "{8B8037C1-A326-4F23-9651-0AF8009F2B8D}"
EndProject
Project("{2150E333-8FDC-42A3-9474-1A3956D46DE8}") = "AlchemicShop.SQL", "AlchemicShop.SQL", "{E98EBB5E-96B4-4CA1-9621-8BF6B1F1D014}"
EndProject
Project("{2150E333-8FDC-42A3-9474-1A3956D46DE8}") = "Triggers", "Triggers", "{A17BC23A-FB4A-4AC1-9305-6E3C7C3A9F5F}"
	ProjectSection(SolutionItems) = preProject
		TR_Products_AFTER_INSERT_Discount.sql = TR_Products_AFTER_INSERT_Discount.sql
		TR_Products_AFTER_UPDATE_Discount.sql = TR_Products_AFTER_UPDATE_Discount.sql
	EndProjectSection
EndProject
Project("{2150E333-8FDC-42A3-9474-1A3956D46DE8}") = "Procedures", "Procedures", "{4119CDA0-A7FA-4414-A356-764288BCE44E}"
	ProjectSection(SolutionItems) = preProject
		SP_Count_User_With_N_Order.sql = SP_Count_User_With_N_Order.sql
		SP_Count_User_With_Order.sql = SP_Count_User_With_Order.sql
		SP_Count_User_Without_Order.sql = SP_Count_User_Without_Order.sql
	EndProjectSection
EndProject
Project("{2150E333-8FDC-42A3-9474-1A3956D46DE8}") = "Functions", "Functions", "{5B78D714-50E6-4C98-8FFE-9AE15C22BDE1}"
EndProject
Project("{2150E333-8FDC-42A3-9474-1A3956D46DE8}") = "Views", "Views", "{B5E9B965-4192-4287-B2BA-FF64D67CE15E}"
EndProject
Project("{2150E333-8FDC-42A3-9474-1A3956D46DE8}") = "Grants", "Grants", "{69FCCDED-17E8-4F86-AB3C-790AE3D496A5}"
	ProjectSection(SolutionItems) = preProject
		GRT_AstroUSER.sql = GRT_AstroUSER.sql
	EndProjectSection
EndProject
Project("{2150E333-8FDC-42A3-9474-1A3956D46DE8}") = "Users", "Users", "{52D6A7DC-0008-47C8-804F-AE014BA56F45}"
	ProjectSection(SolutionItems) = preProject
		CREATE_USER.sql = CREATE_USER.sql
	EndProjectSection
EndProject
Global
	GlobalSection(SolutionConfigurationPlatforms) = preSolution
		Debug|Any CPU = Debug|Any CPU
		Release|Any CPU = Release|Any CPU
	EndGlobalSection
	GlobalSection(ProjectConfigurationPlatforms) = postSolution
		{8AB9A306-026E-40AE-AE9C-3B0CBF4CB06F}.Debug|Any CPU.ActiveCfg = Debug|Any CPU
		{8AB9A306-026E-40AE-AE9C-3B0CBF4CB06F}.Debug|Any CPU.Build.0 = Debug|Any CPU
		{8AB9A306-026E-40AE-AE9C-3B0CBF4CB06F}.Release|Any CPU.ActiveCfg = Release|Any CPU
		{8AB9A306-026E-40AE-AE9C-3B0CBF4CB06F}.Release|Any CPU.Build.0 = Release|Any CPU
		{BD978264-AABD-446C-9D40-055A02861115}.Debug|Any CPU.ActiveCfg = Debug|Any CPU
		{BD978264-AABD-446C-9D40-055A02861115}.Debug|Any CPU.Build.0 = Debug|Any CPU
		{BD978264-AABD-446C-9D40-055A02861115}.Release|Any CPU.ActiveCfg = Release|Any CPU
		{BD978264-AABD-446C-9D40-055A02861115}.Release|Any CPU.Build.0 = Release|Any CPU
		{8B8037C1-A326-4F23-9651-0AF8009F2B8D}.Debug|Any CPU.ActiveCfg = Debug|Any CPU
		{8B8037C1-A326-4F23-9651-0AF8009F2B8D}.Debug|Any CPU.Build.0 = Debug|Any CPU
		{8B8037C1-A326-4F23-9651-0AF8009F2B8D}.Release|Any CPU.ActiveCfg = Release|Any CPU
		{8B8037C1-A326-4F23-9651-0AF8009F2B8D}.Release|Any CPU.Build.0 = Release|Any CPU
	EndGlobalSection
	GlobalSection(SolutionProperties) = preSolution
		HideSolutionNode = FALSE
	EndGlobalSection
	GlobalSection(NestedProjects) = preSolution
		{A17BC23A-FB4A-4AC1-9305-6E3C7C3A9F5F} = {E98EBB5E-96B4-4CA1-9621-8BF6B1F1D014}
		{4119CDA0-A7FA-4414-A356-764288BCE44E} = {E98EBB5E-96B4-4CA1-9621-8BF6B1F1D014}
		{5B78D714-50E6-4C98-8FFE-9AE15C22BDE1} = {E98EBB5E-96B4-4CA1-9621-8BF6B1F1D014}
		{B5E9B965-4192-4287-B2BA-FF64D67CE15E} = {E98EBB5E-96B4-4CA1-9621-8BF6B1F1D014}
		{69FCCDED-17E8-4F86-AB3C-790AE3D496A5} = {E98EBB5E-96B4-4CA1-9621-8BF6B1F1D014}
		{52D6A7DC-0008-47C8-804F-AE014BA56F45} = {E98EBB5E-96B4-4CA1-9621-8BF6B1F1D014}
	EndGlobalSection
	GlobalSection(ExtensibilityGlobals) = postSolution
		SolutionGuid = {E668333D-1A25-4FE7-96DE-28B911247053}
	EndGlobalSection
EndGlobal
